{
  "name": "BURWELL_GICHELLE_FRONTEND_MOBILE",
  "lockfileVersion": 3,
  "requires": true,
  "packages": {
    "": {
      "dependencies": {
        "@capacitor/android": "^8.4.1",
        "@capacitor/camera": "^8.2.0",
        "@capacitor/preferences": "^8.0.1",
        "pinia-plugin-persistedstate": "^4.7.1"
      }
    },
    "node_modules/@capacitor/android": {
      "version": "8.4.1",
      "resolved": "https://registry.npmjs.org/@capacitor/android/-/android-8.4.1.tgz",
      "integrity": "sha512-igtDCJ7QQn0P2qHFD9p4KXaa6V1b2PRNt+MxjVwtjTm/BJvqmiazOJq6rPjwFSZnfHm6iFoZk8TfzHd44pyBGw==",
      "license": "MIT",
      "peerDependencies": {
        "@capacitor/core": "^8.4.0"
      }
    },
    "node_modules/@capacitor/camera": {
      "version": "8.2.0",
      "resolved": "https://registry.npmjs.org/@capacitor/camera/-/camera-8.2.0.tgz",
      "integrity": "sha512-hYfrT6xpL936qoEkIpJzSnb0fQCaTkOux1cXzGBfH8QLOGqr6gSLiWZlZz/fqMPmMKJMNRBqlTQkj5fuMhVZog==",
      "license": "MIT",
      "peerDependencies": {
        "@capacitor/core": ">=8.0.0"
      }
    },
    "node_modules/@capacitor/core": {
      "version": "8.4.1",
      "resolved": "https://registry.npmjs.org/@capacitor/core/-/core-8.4.1.tgz",
      "integrity": "sha512-xqhOGLbTAYeOWK+IDUNSjQJAPapQjRHrIcgk9PYp52or9zFTaaMko31uNi16N6W+CRJ8VrRram6fOYILkBG2Hg==",
      "license": "MIT",
      "peer": true,
      "dependencies": {
        "tslib": "^2.1.0"
      }
    },
    "node_modules/@capacitor/preferences": {
      "version": "8.0.1",
      "resolved": "https://registry.npmjs.org/@capacitor/preferences/-/preferences-8.0.1.tgz",
      "integrity": "sha512-T6no3ebi79XJCk91U3Jp/liJUwgBdvHR+s6vhvPkPxSuch7z3zx5Rv1bdWM6sWruNx+pViuEGqZvbfCdyBvcHQ==",
      "license": "MIT",
      "peerDependencies": {
        "@capacitor/core": ">=8.0.0"
      }
    },
    "node_modules/defu": {
      "version": "6.1.7",
      "resolved": "https://registry.npmjs.org/defu/-/defu-6.1.7.tgz",
      "integrity": "sha512-7z22QmUWiQ/2d0KkdYmANbRUVABpZ9SNYyH5vx6PZ+nE5bcC0l7uFvEfHlyld/HcGBFTL536ClDt3DEcSlEJAQ==",
      "license": "MIT"
    },
    "node_modules/pinia-plugin-persistedstate": {
      "version": "4.7.1",
      "resolved": "https://registry.npmjs.org/pinia-plugin-persistedstate/-/pinia-plugin-persistedstate-4.7.1.tgz",
      "integrity": "sha512-WHOqh2esDlR3eAaknPbqXrkkj0D24h8shrDPqysgCFR6ghqP/fpFfJmMPJp0gETHsvrh9YNNg6dQfo2OEtDnIQ==",
      "license": "MIT",
      "dependencies": {
        "defu": "^6.1.4"
      },
      "peerDependencies": {
        "@nuxt/kit": ">=3.0.0",
        "@pinia/nuxt": ">=0.10.0",
        "pinia": ">=3.0.0"
      },
      "peerDependenciesMeta": {
        "@nuxt/kit": {
          "optional": true
        },
        "@pinia/nuxt": {
          "optional": true
        },
        "pinia": {
          "optional": true
        }
      }
    },
    "node_modules/tslib": {
      "version": "2.8.1",
      "resolved": "https://registry.npmjs.org/tslib/-/tslib-2.8.1.tgz",
      "integrity": "sha512-oJFu94HQb+KVduSUQL7wnpmqnfmLsOA/nAh6b6EH0wCEoK0/mPeXU6c3wKDV83MkOuHPRHtSXKKU99IBazS/2w==",
      "license": "0BSD",
      "peer": true
    }
  }
}
